// !$*UTF8*$!
{
	archiveVersion = 1;
	classes = {
	};
	objectVersion = 46;
	objects = {

/* Begin PBXBuildFile section */
		6E40C91F1DFB38F80093260C /* Request.swift in Sources */ = {isa = PBXBuildFile; fileRef = 6E40C91E1DFB38F80093260C /* Request.swift */; };
		6E40C9221DFB3C1F0093260C /* PokemonService.swift in Sources */ = {isa = PBXBuildFile; fileRef = 6E40C9211DFB3C1F0093260C /* PokemonService.swift */; };
		6E4121361E046AAF001C88B2 /* Application.swift in Sources */ = {isa = PBXBuildFile; fileRef = 6E4121351E046AAF001C88B2 /* Application.swift */; };
		6E4121381E046B10001C88B2 /* ApplicationService.swift in Sources */ = {isa = PBXBuildFile; fileRef = 6E4121371E046B10001C88B2 /* ApplicationService.swift */; };
		6E5847821DFF1FBF00D55FB2 /* URLS.swift in Sources */ = {isa = PBXBuildFile; fileRef = 6E5847811DFF1FBF00D55FB2 /* URLS.swift */; };
		6E5847851DFF203800D55FB2 /* RequestProtocol.swift in Sources */ = {isa = PBXBuildFile; fileRef = 6E5847841DFF203800D55FB2 /* RequestProtocol.swift */; };
		6E5847881DFF2DB900D55FB2 /* Do.swift in Sources */ = {isa = PBXBuildFile; fileRef = 6E5847871DFF2DB900D55FB2 /* Do.swift */; };
		6E58478B1DFF31B400D55FB2 /* SectionService.swift in Sources */ = {isa = PBXBuildFile; fileRef = 6E58478A1DFF31B400D55FB2 /* SectionService.swift */; };
		6E58478E1DFF325200D55FB2 /* Section.swift in Sources */ = {isa = PBXBuildFile; fileRef = 6E58478D1DFF325200D55FB2 /* Section.swift */; };
		6E5847921DFF33EE00D55FB2 /* Pokemon.swift in Sources */ = {isa = PBXBuildFile; fileRef = 6E5847911DFF33EE00D55FB2 /* Pokemon.swift */; };
		6E65197C1DF9EFCF00CD832D /* AppDelegate.swift in Sources */ = {isa = PBXBuildFile; fileRef = 6E65197B1DF9EFCF00CD832D /* AppDelegate.swift */; };
		6E6519811DF9EFCF00CD832D /* Main.storyboard in Resources */ = {isa = PBXBuildFile; fileRef = 6E65197F1DF9EFCF00CD832D /* Main.storyboard */; };
		6E6519841DF9EFCF00CD832D /* pokemongoloide.xcdatamodeld in Sources */ = {isa = PBXBuildFile; fileRef = 6E6519821DF9EFCF00CD832D /* pokemongoloide.xcdatamodeld */; };
		6E6519861DF9EFCF00CD832D /* Assets.xcassets in Resources */ = {isa = PBXBuildFile; fileRef = 6E6519851DF9EFCF00CD832D /* Assets.xcassets */; };
		6E6519891DF9EFCF00CD832D /* LaunchScreen.storyboard in Resources */ = {isa = PBXBuildFile; fileRef = 6E6519871DF9EFCF00CD832D /* LaunchScreen.storyboard */; };
		6E6519931DF9F87C00CD832D /* HomeTableViewController.swift in Sources */ = {isa = PBXBuildFile; fileRef = 6E6519921DF9F87C00CD832D /* HomeTableViewController.swift */; };
		9FB30781F5A3B27DF8CAFE3C /* Pods_pokemongoloide.framework in Frameworks */ = {isa = PBXBuildFile; fileRef = 7B775B83E6282008D192C8A5 /* Pods_pokemongoloide.framework */; };
/* End PBXBuildFile section */

/* Begin PBXFileReference section */
		4835A864E4CC8C22EA62DDC3 /* Pods-pokemongoloide.release.xcconfig */ = {isa = PBXFileReference; includeInIndex = 1; lastKnownFileType = text.xcconfig; name = "Pods-pokemongoloide.release.xcconfig"; path = "Pods/Target Support Files/Pods-pokemongoloide/Pods-pokemongoloide.release.xcconfig"; sourceTree = "<group>"; };
		6E40C91E1DFB38F80093260C /* Request.swift */ = {isa = PBXFileReference; fileEncoding = 4; lastKnownFileType = sourcecode.swift; path = Request.swift; sourceTree = "<group>"; };
		6E40C9211DFB3C1F0093260C /* PokemonService.swift */ = {isa = PBXFileReference; fileEncoding = 4; lastKnownFileType = sourcecode.swift; path = PokemonService.swift; sourceTree = "<group>"; };
		6E4121351E046AAF001C88B2 /* Application.swift */ = {isa = PBXFileReference; fileEncoding = 4; lastKnownFileType = sourcecode.swift; path = Application.swift; sourceTree = "<group>"; };
		6E4121371E046B10001C88B2 /* ApplicationService.swift */ = {isa = PBXFileReference; fileEncoding = 4; lastKnownFileType = sourcecode.swift; path = ApplicationService.swift; sourceTree = "<group>"; };
		6E5847811DFF1FBF00D55FB2 /* URLS.swift */ = {isa = PBXFileReference; fileEncoding = 4; lastKnownFileType = sourcecode.swift; path = URLS.swift; sourceTree = "<group>"; };
		6E5847841DFF203800D55FB2 /* RequestProtocol.swift */ = {isa = PBXFileReference; fileEncoding = 4; lastKnownFileType = sourcecode.swift; path = RequestProtocol.swift; sourceTree = "<group>"; };
		6E5847871DFF2DB900D55FB2 /* Do.swift */ = {isa = PBXFileReference; fileEncoding = 4; lastKnownFileType = sourcecode.swift; path = Do.swift; sourceTree = "<group>"; };
		6E58478A1DFF31B400D55FB2 /* SectionService.swift */ = {isa = PBXFileReference; fileEncoding = 4; lastKnownFileType = sourcecode.swift; path = SectionService.swift; sourceTree = "<group>"; };
		6E58478D1DFF325200D55FB2 /* Section.swift */ = {isa = PBXFileReference; fileEncoding = 4; lastKnownFileType = sourcecode.swift; path = Section.swift; sourceTree = "<group>"; };
		6E5847911DFF33EE00D55FB2 /* Pokemon.swift */ = {isa = PBXFileReference; fileEncoding = 4; lastKnownFileType = sourcecode.swift; path = Pokemon.swift; sourceTree = "<group>"; };
		6E6519781DF9EFCF00CD832D /* pokemongoloide.app */ = {isa = PBXFileReference; explicitFileType = wrapper.application; includeInIndex = 0; path = pokemongoloide.app; sourceTree = BUILT_PRODUCTS_DIR; };
		6E65197B1DF9EFCF00CD832D /* AppDelegate.swift */ = {isa = PBXFileReference; lastKnownFileType = sourcecode.swift; path = AppDelegate.swift; sourceTree = "<group>"; };
		6E6519801DF9EFCF00CD832D /* Base */ = {isa = PBXFileReference; lastKnownFileType = file.storyboard; name = Base; path = Base.lproj/Main.storyboard; sourceTree = "<group>"; };
		6E6519831DF9EFCF00CD832D /* pokemongoloide.xcdatamodel */ = {isa = PBXFileReference; lastKnownFileType = wrapper.xcdatamodel; path = pokemongoloide.xcdatamodel; sourceTree = "<group>"; };
		6E6519851DF9EFCF00CD832D /* Assets.xcassets */ = {isa = PBXFileReference; lastKnownFileType = folder.assetcatalog; path = Assets.xcassets; sourceTree = "<group>"; };
		6E6519881DF9EFCF00CD832D /* Base */ = {isa = PBXFileReference; lastKnownFileType = file.storyboard; name = Base; path = Base.lproj/LaunchScreen.storyboard; sourceTree = "<group>"; };
		6E65198A1DF9EFCF00CD832D /* Info.plist */ = {isa = PBXFileReference; lastKnownFileType = text.plist.xml; path = Info.plist; sourceTree = "<group>"; };
		6E6519921DF9F87C00CD832D /* HomeTableViewController.swift */ = {isa = PBXFileReference; fileEncoding = 4; lastKnownFileType = sourcecode.swift; path = HomeTableViewController.swift; sourceTree = "<group>"; };
		7B775B83E6282008D192C8A5 /* Pods_pokemongoloide.framework */ = {isa = PBXFileReference; explicitFileType = wrapper.framework; includeInIndex = 0; path = Pods_pokemongoloide.framework; sourceTree = BUILT_PRODUCTS_DIR; };
		D218896465F66DA1EA050806 /* Pods-pokemongoloide.debug.xcconfig */ = {isa = PBXFileReference; includeInIndex = 1; lastKnownFileType = text.xcconfig; name = "Pods-pokemongoloide.debug.xcconfig"; path = "Pods/Target Support Files/Pods-pokemongoloide/Pods-pokemongoloide.debug.xcconfig"; sourceTree = "<group>"; };
/* End PBXFileReference section */

/* Begin PBXFrameworksBuildPhase section */
		6E6519751DF9EFCF00CD832D /* Frameworks */ = {
			isa = PBXFrameworksBuildPhase;
			buildActionMask = 2147483647;
			files = (
				9FB30781F5A3B27DF8CAFE3C /* Pods_pokemongoloide.framework in Frameworks */,
			);
			runOnlyForDeploymentPostprocessing = 0;
		};
/* End PBXFrameworksBuildPhase section */

/* Begin PBXGroup section */
		6E40C91D1DFB38DF0093260C /* request */ = {
			isa = PBXGroup;
			children = (
				6E40C91E1DFB38F80093260C /* Request.swift */,
			);
			name = request;
			sourceTree = "<group>";
		};
		6E5847831DFF202000D55FB2 /* protocols */ = {
			isa = PBXGroup;
			children = (
				6E5847841DFF203800D55FB2 /* RequestProtocol.swift */,
			);
			name = protocols;
			sourceTree = "<group>";
		};
		6E5847861DFF2D9400D55FB2 /* Helpers */ = {
			isa = PBXGroup;
			children = (
				6E5847811DFF1FBF00D55FB2 /* URLS.swift */,
				6E5847871DFF2DB900D55FB2 /* Do.swift */,
			);
			name = Helpers;
			sourceTree = "<group>";
		};
		6E5847891DFF318D00D55FB2 /* Service */ = {
			isa = PBXGroup;
			children = (
				6E4121371E046B10001C88B2 /* ApplicationService.swift */,
				6E58478A1DFF31B400D55FB2 /* SectionService.swift */,
				6E40C9211DFB3C1F0093260C /* PokemonService.swift */,
			);
			name = Service;
			sourceTree = "<group>";
		};
		6E58478C1DFF322A00D55FB2 /* models */ = {
			isa = PBXGroup;
			children = (
				6E4121351E046AAF001C88B2 /* Application.swift */,
				6E58478D1DFF325200D55FB2 /* Section.swift */,
				6E5847911DFF33EE00D55FB2 /* Pokemon.swift */,
			);
			name = models;
			sourceTree = "<group>";
		};
		6E65196F1DF9EFCF00CD832D = {
			isa = PBXGroup;
			children = (
				6E65197A1DF9EFCF00CD832D /* pokemongoloide */,
				6E6519791DF9EFCF00CD832D /* Products */,
				9B8C17FFF2DCE51E4FF1C0B0 /* Pods */,
				D2FED05A55B6F3534A377D7A /* Frameworks */,
			);
			sourceTree = "<group>";
		};
		6E6519791DF9EFCF00CD832D /* Products */ = {
			isa = PBXGroup;
			children = (
				6E6519781DF9EFCF00CD832D /* pokemongoloide.app */,
			);
			name = Products;
			sourceTree = "<group>";
		};
		6E65197A1DF9EFCF00CD832D /* pokemongoloide */ = {
			isa = PBXGroup;
			children = (
				6E5847861DFF2D9400D55FB2 /* Helpers */,
				6E5847831DFF202000D55FB2 /* protocols */,
				6E40C91D1DFB38DF0093260C /* request */,
				6E5847891DFF318D00D55FB2 /* Service */,
				6E58478C1DFF322A00D55FB2 /* models */,
				6E65197F1DF9EFCF00CD832D /* Main.storyboard */,
				6E65197B1DF9EFCF00CD832D /* AppDelegate.swift */,
				6E6519921DF9F87C00CD832D /* HomeTableViewController.swift */,
				6E6519851DF9EFCF00CD832D /* Assets.xcassets */,
				6E6519871DF9EFCF00CD832D /* LaunchScreen.storyboard */,
				6E65198A1DF9EFCF00CD832D /* Info.plist */,
				6E6519821DF9EFCF00CD832D /* pokemongoloide.xcdatamodeld */,
			);
			path = pokemongoloide;
			sourceTree = "<group>";
		};
		9B8C17FFF2DCE51E4FF1C0B0 /* Pods */ = {
			isa = PBXGroup;
			children = (
				D218896465F66DA1EA050806 /* Pods-pokemongoloide.debug.xcconfig */,
				4835A864E4CC8C22EA62DDC3 /* Pods-pokemongoloide.release.xcconfig */,
			);
			name = Pods;
			sourceTree = "<group>";
		};
		D2FED05A55B6F3534A377D7A /* Frameworks */ = {
			isa = PBXGroup;
			children = (
				7B775B83E6282008D192C8A5 /* Pods_pokemongoloide.framework */,
			);
			name = Frameworks;
			sourceTree = "<group>";
		};
/* End PBXGroup section */

/* Begin PBXNativeTarget section */
		6E6519771DF9EFCF00CD832D /* pokemongoloide */ = {
			isa = PBXNativeTarget;
			buildConfigurationList = 6E65198D1DF9EFCF00CD832D /* Build configuration list for PBXNativeTarget "pokemongoloide" */;
			buildPhases = (
				DA3B60A1881871569AE707CD /* [CP] Check Pods Manifest.lock */,
				6E6519741DF9EFCF00CD832D /* Sources */,
				6E6519751DF9EFCF00CD832D /* Frameworks */,
				6E6519761DF9EFCF00CD832D /* Resources */,
				DBA6F70CD3DB0356FCF171DB /* [CP] Embed Pods Frameworks */,
				05BE81FBAB58872EAA0BE1EC /* [CP] Copy Pods Resources */,
			);
			buildRules = (
			);
			dependencies = (
			);
			name = pokemongoloide;
			productName = pokemongoloide;
			productReference = 6E6519781DF9EFCF00CD832D /* pokemongoloide.app */;
			productType = "com.apple.product-type.application";
		};
/* End PBXNativeTarget section */

/* Begin PBXProject section */
		6E6519701DF9EFCF00CD832D /* Project object */ = {
			isa = PBXProject;
			attributes = {
				LastSwiftUpdateCheck = 0810;
				LastUpgradeCheck = 0810;
				ORGANIZATIONNAME = "Vinícius Terranova";
				TargetAttributes = {
					6E6519771DF9EFCF00CD832D = {
						CreatedOnToolsVersion = 8.1;
						ProvisioningStyle = Automatic;
					};
				};
			};
			buildConfigurationList = 6E6519731DF9EFCF00CD832D /* Build configuration list for PBXProject "pokemongoloide" */;
			compatibilityVersion = "Xcode 3.2";
			developmentRegion = English;
			hasScannedForEncodings = 0;
			knownRegions = (
				en,
				Base,
			);
			mainGroup = 6E65196F1DF9EFCF00CD832D;
			productRefGroup = 6E6519791DF9EFCF00CD832D /* Products */;
			projectDirPath = "";
			projectRoot = "";
			targets = (
				6E6519771DF9EFCF00CD832D /* pokemongoloide */,
			);
		};
/* End PBXProject section */

/* Begin PBXResourcesBuildPhase section */
		6E6519761DF9EFCF00CD832D /* Resources */ = {
			isa = PBXResourcesBuildPhase;
			buildActionMask = 2147483647;
			files = (
				6E6519891DF9EFCF00CD832D /* LaunchScreen.storyboard in Resources */,
				6E6519861DF9EFCF00CD832D /* Assets.xcassets in Resources */,
				6E6519811DF9EFCF00CD832D /* Main.storyboard in Resources */,
			);
			runOnlyForDeploymentPostprocessing = 0;
		};
/* End PBXResourcesBuildPhase section */

/* Begin PBXShellScriptBuildPhase section */
		05BE81FBAB58872EAA0BE1EC /* [CP] Copy Pods Resources */ = {
			isa = PBXShellScriptBuildPhase;
			buildActionMask = 2147483647;
			files = (
			);
			inputPaths = (
			);
			name = "[CP] Copy Pods Resources";
			outputPaths = (
			);
			runOnlyForDeploymentPostprocessing = 0;
			shellPath = /bin/sh;
			shellScript = "\"${SRCROOT}/Pods/Target Support Files/Pods-pokemongoloide/Pods-pokemongoloide-resources.sh\"\n";
			showEnvVarsInLog = 0;
		};
		DA3B60A1881871569AE707CD /* [CP] Check Pods Manifest.lock */ = {
			isa = PBXShellScriptBuildPhase;
			buildActionMask = 2147483647;
			files = (
			);
			inputPaths = (
			);
			name = "[CP] Check Pods Manifest.lock";
			outputPaths = (
			);
			runOnlyForDeploymentPostprocessing = 0;
			shellPath = /bin/sh;
			shellScript = "diff \"${PODS_ROOT}/../Podfile.lock\" \"${PODS_ROOT}/Manifest.lock\" > /dev/null\nif [ $? != 0 ] ; then\n    # print error to STDERR\n    echo \"error: The sandbox is not in sync with the Podfile.lock. Run 'pod install' or update your CocoaPods installation.\" >&2\n    exit 1\nfi\n";
			showEnvVarsInLog = 0;
		};
		DBA6F70CD3DB0356FCF171DB /* [CP] Embed Pods Frameworks */ = {
			isa = PBXShellScriptBuildPhase;
			buildActionMask = 2147483647;
			files = (
			);
			inputPaths = (
			);
			name = "[CP] Embed Pods Frameworks";
			outputPaths = (
			);
			runOnlyForDeploymentPostprocessing = 0;
			shellPath = /bin/sh;
			shellScript = "\"${SRCROOT}/Pods/Target Support Files/Pods-pokemongoloide/Pods-pokemongoloide-frameworks.sh\"\n";
			showEnvVarsInLog = 0;
		};
/* End PBXShellScriptBuildPhase section */

/* Begin PBXSourcesBuildPhase section */
		6E6519741DF9EFCF00CD832D /* Sources */ = {
			isa = PBXSourcesBuildPhase;
			buildActionMask = 2147483647;
			files = (
				6E58478E1DFF325200D55FB2 /* Section.swift in Sources */,
				6E40C9221DFB3C1F0093260C /* PokemonService.swift in Sources */,
				6E58478B1DFF31B400D55FB2 /* SectionService.swift in Sources */,
				6E4121361E046AAF001C88B2 /* Application.swift in Sources */,
				6E5847821DFF1FBF00D55FB2 /* URLS.swift in Sources */,
				6E6519931DF9F87C00CD832D /* HomeTableViewController.swift in Sources */,
				6E40C91F1DFB38F80093260C /* Request.swift in Sources */,
				6E5847921DFF33EE00D55FB2 /* Pokemon.swift in Sources */,
				6E65197C1DF9EFCF00CD832D /* AppDelegate.swift in Sources */,
				6E4121381E046B10001C88B2 /* ApplicationService.swift in Sources */,
				6E6519841DF9EFCF00CD832D /* pokemongoloide.xcdatamodeld in Sources */,
				6E5847881DFF2DB900D55FB2 /* Do.swift in Sources */,
				6E5847851DFF203800D55FB2 /* RequestProtocol.swift in Sources */,
			);
			runOnlyForDeploymentPostprocessing = 0;
		};
/* End PBXSourcesBuildPhase section */

/* Begin PBXVariantGroup section */
		6E65197F1DF9EFCF00CD832D /* Main.storyboard */ = {
			isa = PBXVariantGroup;
			children = (
				6E6519801DF9EFCF00CD832D /* Base */,
			);
			name = Main.storyboard;
			sourceTree = "<group>";
		};
		6E6519871DF9EFCF00CD832D /* LaunchScreen.storyboard */ = {
			isa = PBXVariantGroup;
			children = (
				6E6519881DF9EFCF00CD832D /* Base */,
			);
			name = LaunchScreen.storyboard;
			sourceTree = "<group>";
		};
/* End PBXVariantGroup section */

/* Begin XCBuildConfiguration section */
		6E65198B1DF9EFCF00CD832D /* Debug */ = {
			isa = XCBuildConfiguration;
			buildSettings = {
				ALWAYS_SEARCH_USER_PATHS = NO;
				CLANG_ANALYZER_NONNULL = YES;
				CLANG_CXX_LANGUAGE_STANDARD = "gnu++0x";
				CLANG_CXX_LIBRARY = "libc++";
				CLANG_ENABLE_MODULES = YES;
				CLANG_ENABLE_OBJC_ARC = YES;
				CLANG_WARN_BOOL_CONVERSION = YES;
				CLANG_WARN_CONSTANT_CONVERSION = YES;
				CLANG_WARN_DIRECT_OBJC_ISA_USAGE = YES_ERROR;
				CLANG_WARN_DOCUMENTATION_COMMENTS = YES;
				CLANG_WARN_EMPTY_BODY = YES;
				CLANG_WARN_ENUM_CONVERSION = YES;
				CLANG_WARN_INFINITE_RECURSION = YES;
				CLANG_WARN_INT_CONVERSION = YES;
				CLANG_WARN_OBJC_ROOT_CLASS = YES_ERROR;
				CLANG_WARN_SUSPICIOUS_MOVES = YES;
				CLANG_WARN_UNREACHABLE_CODE = YES;
				CLANG_WARN__DUPLICATE_METHOD_MATCH = YES;
				"CODE_SIGN_IDENTITY[sdk=iphoneos*]" = "iPhone Developer";
				COPY_PHASE_STRIP = NO;
				DEBUG_INFORMATION_FORMAT = dwarf;
				ENABLE_STRICT_OBJC_MSGSEND = YES;
				ENABLE_TESTABILITY = YES;
				GCC_C_LANGUAGE_STANDARD = gnu99;
				GCC_DYNAMIC_NO_PIC = NO;
				GCC_NO_COMMON_BLOCKS = YES;
				GCC_OPTIMIZATION_LEVEL = 0;
				GCC_PREPROCESSOR_DEFINITIONS = (
					"DEBUG=1",
					"$(inherited)",
				);
				GCC_WARN_64_TO_32_BIT_CONVERSION = YES;
				GCC_WARN_ABOUT_RETURN_TYPE = YES_ERROR;
				GCC_WARN_UNDECLARED_SELECTOR = YES;
				GCC_WARN_UNINITIALIZED_AUTOS = YES_AGGRESSIVE;
				GCC_WARN_UNUSED_FUNCTION = YES;
				GCC_WARN_UNUSED_VARIABLE = YES;
				IPHONEOS_DEPLOYMENT_TARGET = 10.1;
				MTL_ENABLE_DEBUG_INFO = YES;
				ONLY_ACTIVE_ARCH = YES;
				SDKROOT = iphoneos;
				SWIFT_ACTIVE_COMPILATION_CONDITIONS = DEBUG;
				SWIFT_OPTIMIZATION_LEVEL = "-Onone";
				TARGETED_DEVICE_FAMILY = "1,2";
			};
			name = Debug;
		};
		6E65198C1DF9EFCF00CD832D /* Release */ = {
			isa = XCBuildConfiguration;
			buildSettings = {
				ALWAYS_SEARCH_USER_PATHS = NO;
				CLANG_ANALYZER_NONNULL = YES;
				CLANG_CXX_LANGUAGE_STANDARD = "gnu++0x";
				CLANG_CXX_LIBRARY = "libc++";
				CLANG_ENABLE_MODULES = YES;
				CLANG_ENABLE_OBJC_ARC = YES;
				CLANG_WARN_BOOL_CONVERSION = YES;
				CLANG_WARN_CONSTANT_CONVERSION = YES;
				CLANG_WARN_DIRECT_OBJC_ISA_USAGE = YES_ERROR;
				CLANG_WARN_DOCUMENTATION_COMMENTS = YES;
				CLANG_WARN_EMPTY_BODY = YES;
				CLANG_WARN_ENUM_CONVERSION = YES;
				CLANG_WARN_INFINITE_RECURSION = YES;
				CLANG_WARN_INT_CONVERSION = YES;
				CLANG_WARN_OBJC_ROOT_CLASS = YES_ERROR;
				CLANG_WARN_SUSPICIOUS_MOVES = YES;
				CLANG_WARN_UNREACHABLE_CODE = YES;
				CLANG_WARN__DUPLICATE_METHOD_MATCH = YES;
				"CODE_SIGN_IDENTITY[sdk=iphoneos*]" = "iPhone Developer";
				COPY_PHASE_STRIP = NO;
				DEBUG_INFORMATION_FORMAT = "dwarf-with-dsym";
				ENABLE_NS_ASSERTIONS = NO;
				ENABLE_STRICT_OBJC_MSGSEND = YES;
				GCC_C_LANGUAGE_STANDARD = gnu99;
				GCC_NO_COMMON_BLOCKS = YES;
				GCC_WARN_64_TO_32_BIT_CONVERSION = YES;
				GCC_WARN_ABOUT_RETURN_TYPE = YES_ERROR;
				GCC_WARN_UNDECLARED_SELECTOR = YES;
				GCC_WARN_UNINITIALIZED_AUTOS = YES_AGGRESSIVE;
				GCC_WARN_UNUSED_FUNCTION = YES;
				GCC_WARN_UNUSED_VARIABLE = YES;
				IPHONEOS_DEPLOYMENT_TARGET = 10.1;
				MTL_ENABLE_DEBUG_INFO = NO;
				SDKROOT = iphoneos;
				SWIFT_OPTIMIZATION_LEVEL = "-Owholemodule";
				TARGETED_DEVICE_FAMILY = "1,2";
				VALIDATE_PRODUCT = YES;
			};
			name = Release;
		};
		6E65198E1DF9EFCF00CD832D /* Debug */ = {
			isa = XCBuildConfiguration;
			baseConfigurationReference = D218896465F66DA1EA050806 /* Pods-pokemongoloide.debug.xcconfig */;
			buildSettings = {
				ASSETCATALOG_COMPILER_APPICON_NAME = AppIcon;
				INFOPLIST_FILE = pokemongoloide/Info.plist;
				LD_RUNPATH_SEARCH_PATHS = "$(inherited) @executable_path/Frameworks";
				PRODUCT_BUNDLE_IDENTIFIER = storm.pokemongoloide;
				PRODUCT_NAME = "$(TARGET_NAME)";
				SWIFT_VERSION = 3.0;
			};
			name = Debug;
		};
		6E65198F1DF9EFCF00CD832D /* Release */ = {
			isa = XCBuildConfiguration;
			baseConfigurationReference = 4835A864E4CC8C22EA62DDC3 /* Pods-pokemongoloide.release.xcconfig */;
			buildSettings = {
				ASSETCATALOG_COMPILER_APPICON_NAME = AppIcon;
				INFOPLIST_FILE = pokemongoloide/Info.plist;
				LD_RUNPATH_SEARCH_PATHS = "$(inherited) @executable_path/Frameworks";
				PRODUCT_BUNDLE_IDENTIFIER = storm.pokemongoloide;
				PRODUCT_NAME = "$(TARGET_NAME)";
				SWIFT_VERSION = 3.0;
			};
			name = Release;
		};
/* End XCBuildConfiguration section */

/* Begin XCConfigurationList section */
		6E6519731DF9EFCF00CD832D /* Build configuration list for PBXProject "pokemongoloide" */ = {
			isa = XCConfigurationList;
			buildConfigurations = (
				6E65198B1DF9EFCF00CD832D /* Debug */,
				6E65198C1DF9EFCF00CD832D /* Release */,
			);
			defaultConfigurationIsVisible = 0;
			defaultConfigurationName = Release;
		};
		6E65198D1DF9EFCF00CD832D /* Build configuration list for PBXNativeTarget "pokemongoloide" */ = {
			isa = XCConfigurationList;
			buildConfigurations = (
				6E65198E1DF9EFCF00CD832D /* Debug */,
				6E65198F1DF9EFCF00CD832D /* Release */,
			);
			defaultConfigurationIsVisible = 0;
			defaultConfigurationName = Release;
		};
/* End XCConfigurationList section */

/* Begin XCVersionGroup section */
		6E6519821DF9EFCF00CD832D /* pokemongoloide.xcdatamodeld */ = {
			isa = XCVersionGroup;
			children = (
				6E6519831DF9EFCF00CD832D /* pokemongoloide.xcdatamodel */,
			);
			currentVersion = 6E6519831DF9EFCF00CD832D /* pokemongoloide.xcdatamodel */;
			path = pokemongoloide.xcdatamodeld;
			sourceTree = "<group>";
			versionGroupType = wrapper.xcdatamodel;
		};
/* End XCVersionGroup section */
	};
	rootObject = 6E6519701DF9EFCF00CD832D /* Project object */;
}
